
Microsoft Visual Studio Solution File, Format Version 12.00
# Visual Studio Version 17
VisualStudioVersion = 17.4.33110.190
MinimumVisualStudioVersion = 10.0.40219.1
Project("{2150E333-8FDC-42A3-9474-1A3956D46DE8}") = "src", "src", "{8C2CAA51-A21D-4865-B46B-587415C8756F}"
EndProject
Project("{2150E333-8FDC-42A3-9474-1A3956D46DE8}") = "test", "test", "{FEC62067-00F5-4AC6-B034-A5FF19F6F34B}"
EndProject
Project("{2150E333-8FDC-42A3-9474-1A3956D46DE8}") = "Core", "Core", "{01FF52B3-0D15-488C-9B0D-999952EA1C98}"
EndProject
Project("{FAE04EC0-301F-11D3-BF4B-00C04F79EFBC}") = "AspNetMvc.Crm.Application", "src\Core\AspNetMvc.Crm.Application\AspNetMvc.Crm.Application.csproj", "{2BC28B25-7FDD-4F06-A479-9B01854DAE17}"
EndProject
Project("{FAE04EC0-301F-11D3-BF4B-00C04F79EFBC}") = "AspNetMvc.Crm.Domain", "src\Core\AspNetMvc.Crm.Domain\AspNetMvc.Crm.Domain.csproj", "{39F1B338-69F1-478A-8D73-2162F51269DD}"
EndProject
Project("{2150E333-8FDC-42A3-9474-1A3956D46DE8}") = "Infrastructure", "Infrastructure", "{111B573D-C938-4837-BC92-DB8ACE09B3F7}"
EndProject
Project("{FAE04EC0-301F-11D3-BF4B-00C04F79EFBC}") = "AspNetMvc.Crm.EntityFramework", "src\Infrastructure\AspNetMvc.Crm.EntityFramework\AspNetMvc.Crm.EntityFramework.csproj", "{5ABB68F9-F71B-4ACE-BDF8-6CA189B9B059}"
EndProject
Project("{2150E333-8FDC-42A3-9474-1A3956D46DE8}") = "Web", "Web", "{33B67F01-C147-48E6-A572-2B2FFC8D8164}"
EndProject
Project("{FAE04EC0-301F-11D3-BF4B-00C04F79EFBC}") = "AspNetMvc.Crm.Web.Api", "src\Web\AspNetMvc.Crm.Web.Api\AspNetMvc.Crm.Web.Api.csproj", "{1AB20BCE-5C1B-4B92-9614-369501FE7A63}"
EndProject
Project("{FAE04EC0-301F-11D3-BF4B-00C04F79EFBC}") = "AspNetMvc.Crm.Web.Mvc", "src\Web\AspNetMvc.Crm.Web.Mvc\AspNetMvc.Crm.Web.Mvc.csproj", "{97FF8D56-7ED1-4D2E-9ADE-9D0EA258C52B}"
EndProject
Project("{2150E333-8FDC-42A3-9474-1A3956D46DE8}") = "Framework", "Framework", "{CB19A41C-565B-4EDC-BEBB-BCF17876C304}"
EndProject
Project("{FAE04EC0-301F-11D3-BF4B-00C04F79EFBC}") = "AspNetMvc.Framework", "src\Framework\AspNetMvc.Framework\AspNetMvc.Framework.csproj", "{7D82E3C7-216F-4DD4-AC31-D7577B169EE0}"
EndProject
Global
	GlobalSection(SolutionConfigurationPlatforms) = preSolution
		Debug|Any CPU = Debug|Any CPU
		Release|Any CPU = Release|Any CPU
	EndGlobalSection
	GlobalSection(ProjectConfigurationPlatforms) = postSolution
		{2BC28B25-7FDD-4F06-A479-9B01854DAE17}.Debug|Any CPU.ActiveCfg = Debug|Any CPU
		{2BC28B25-7FDD-4F06-A479-9B01854DAE17}.Debug|Any CPU.Build.0 = Debug|Any CPU
		{2BC28B25-7FDD-4F06-A479-9B01854DAE17}.Release|Any CPU.ActiveCfg = Release|Any CPU
		{2BC28B25-7FDD-4F06-A479-9B01854DAE17}.Release|Any CPU.Build.0 = Release|Any CPU
		{39F1B338-69F1-478A-8D73-2162F51269DD}.Debug|Any CPU.ActiveCfg = Debug|Any CPU
		{39F1B338-69F1-478A-8D73-2162F51269DD}.Debug|Any CPU.Build.0 = Debug|Any CPU
		{39F1B338-69F1-478A-8D73-2162F51269DD}.Release|Any CPU.ActiveCfg = Release|Any CPU
		{39F1B338-69F1-478A-8D73-2162F51269DD}.Release|Any CPU.Build.0 = Release|Any CPU
		{5ABB68F9-F71B-4ACE-BDF8-6CA189B9B059}.Debug|Any CPU.ActiveCfg = Debug|Any CPU
		{5ABB68F9-F71B-4ACE-BDF8-6CA189B9B059}.Debug|Any CPU.Build.0 = Debug|Any CPU
		{5ABB68F9-F71B-4ACE-BDF8-6CA189B9B059}.Release|Any CPU.ActiveCfg = Release|Any CPU
		{5ABB68F9-F71B-4ACE-BDF8-6CA189B9B059}.Release|Any CPU.Build.0 = Release|Any CPU
		{1AB20BCE-5C1B-4B92-9614-369501FE7A63}.Debug|Any CPU.ActiveCfg = Debug|Any CPU
		{1AB20BCE-5C1B-4B92-9614-369501FE7A63}.Debug|Any CPU.Build.0 = Debug|Any CPU
		{1AB20BCE-5C1B-4B92-9614-369501FE7A63}.Release|Any CPU.ActiveCfg = Release|Any CPU
		{1AB20BCE-5C1B-4B92-9614-369501FE7A63}.Release|Any CPU.Build.0 = Release|Any CPU
		{97FF8D56-7ED1-4D2E-9ADE-9D0EA258C52B}.Debug|Any CPU.ActiveCfg = Debug|Any CPU
		{97FF8D56-7ED1-4D2E-9ADE-9D0EA258C52B}.Debug|Any CPU.Build.0 = Debug|Any CPU
		{97FF8D56-7ED1-4D2E-9ADE-9D0EA258C52B}.Release|Any CPU.ActiveCfg = Release|Any CPU
		{97FF8D56-7ED1-4D2E-9ADE-9D0EA258C52B}.Release|Any CPU.Build.0 = Release|Any CPU
		{7D82E3C7-216F-4DD4-AC31-D7577B169EE0}.Debug|Any CPU.ActiveCfg = Debug|Any CPU
		{7D82E3C7-216F-4DD4-AC31-D7577B169EE0}.Debug|Any CPU.Build.0 = Debug|Any CPU
		{7D82E3C7-216F-4DD4-AC31-D7577B169EE0}.Release|Any CPU.ActiveCfg = Release|Any CPU
		{7D82E3C7-216F-4DD4-AC31-D7577B169EE0}.Release|Any CPU.Build.0 = Release|Any CPU
	EndGlobalSection
	GlobalSection(SolutionProperties) = preSolution
		HideSolutionNode = FALSE
	EndGlobalSection
	GlobalSection(NestedProjects) = preSolution
		{01FF52B3-0D15-488C-9B0D-999952EA1C98} = {8C2CAA51-A21D-4865-B46B-587415C8756F}
		{2BC28B25-7FDD-4F06-A479-9B01854DAE17} = {01FF52B3-0D15-488C-9B0D-999952EA1C98}
		{39F1B338-69F1-478A-8D73-2162F51269DD} = {01FF52B3-0D15-488C-9B0D-999952EA1C98}
		{111B573D-C938-4837-BC92-DB8ACE09B3F7} = {8C2CAA51-A21D-4865-B46B-587415C8756F}
		{5ABB68F9-F71B-4ACE-BDF8-6CA189B9B059} = {111B573D-C938-4837-BC92-DB8ACE09B3F7}
		{33B67F01-C147-48E6-A572-2B2FFC8D8164} = {8C2CAA51-A21D-4865-B46B-587415C8756F}
		{1AB20BCE-5C1B-4B92-9614-369501FE7A63} = {33B67F01-C147-48E6-A572-2B2FFC8D8164}
		{97FF8D56-7ED1-4D2E-9ADE-9D0EA258C52B} = {33B67F01-C147-48E6-A572-2B2FFC8D8164}
		{CB19A41C-565B-4EDC-BEBB-BCF17876C304} = {8C2CAA51-A21D-4865-B46B-587415C8756F}
		{7D82E3C7-216F-4DD4-AC31-D7577B169EE0} = {CB19A41C-565B-4EDC-BEBB-BCF17876C304}
	EndGlobalSection
	GlobalSection(ExtensibilityGlobals) = postSolution
		SolutionGuid = {185EE1F6-3A83-4768-9B87-A70149706F41}
	EndGlobalSection
EndGlobal
